{
  "object": {
    "pins": [
      {
        "package": "Purchases",
        "repositoryURL": "https://github.com/RevenueCat/purchases-ios.git",
        "state": {
          "branch": null,
          "revision": "1e65086790d4c0cc63712fcc6e8a1a27391223e8",
          "version": "3.8.0"
        }
      }
    ]
  },
  "version": 1
}
