{
  "object": {
    "pins": [
      {
        "package": "RevenueCat",
        "repositoryURL": "https://github.com/RevenueCat/purchases-ios.git",
        "state": {
          "branch": "main",
          "revision": "2587b1ae50a6afa2fa8ade71b88edff262b5b99f",
          "version": null
        }
      }
    ]
  },
  "version": 1
}
